// !$*UTF8*$!
{
	archiveVersion = 1;
	classes = {
	};
	objectVersion = 77;
	objects = {

/* Begin PBXBuildFile section */
		6DEDD0912DB8D7FC0092E9A7 /* LaunchScreen.storyboard in Resources */ = {isa = PBXBuildFile; fileRef = 6DEDD0782DB8D7FC0092E9A7 /* LaunchScreen.storyboard */; };
		6DEDD0922DB8D7FC0092E9A7 /* Main.storyboard in Resources */ = {isa = PBXBuildFile; fileRef = 6DEDD07A2DB8D7FC0092E9A7 /* Main.storyboard */; };
		6DEDD0932DB8D7FC0092E9A7 /* ProductCell.xib in Resources */ = {isa = PBXBuildFile; fileRef = 6DEDD07B2DB8D7FC0092E9A7 /* ProductCell.xib */; };
		6DEDD0942DB8D7FC0092E9A7 /* Assets.xcassets in Resources */ = {isa = PBXBuildFile; fileRef = 6DEDD08C2DB8D7FC0092E9A7 /* Assets.xcassets */; };
		6DEDD0962DB8D7FC0092E9A7 /* Color+Extension.swift in Sources */ = {isa = PBXBuildFile; fileRef = 6DEDD0712DB8D7FC0092E9A7 /* Color+Extension.swift */; };
		6DEDD0972DB8D7FC0092E9A7 /* Images.swift in Sources */ = {isa = PBXBuildFile; fileRef = 6DEDD0722DB8D7FC0092E9A7 /* Images.swift */; };
		6DEDD0982DB8D7FC0092E9A7 /* UIView+Extension.swift in Sources */ = {isa = PBXBuildFile; fileRef = 6DEDD0732DB8D7FC0092E9A7 /* UIView+Extension.swift */; };
		6DEDD0992DB8D7FC0092E9A7 /* ProductModel.swift in Sources */ = {isa = PBXBuildFile; fileRef = 6DEDD0752DB8D7FC0092E9A7 /* ProductModel.swift */; };
		6DEDD09A2DB8D7FC0092E9A7 /* CartCell.swift in Sources */ = {isa = PBXBuildFile; fileRef = 6DEDD07D2DB8D7FC0092E9A7 /* CartCell.swift */; };
		6DEDD09B2DB8D7FC0092E9A7 /* ExploreCell.swift in Sources */ = {isa = PBXBuildFile; fileRef = 6DEDD07E2DB8D7FC0092E9A7 /* ExploreCell.swift */; };
		6DEDD09C2DB8D7FC0092E9A7 /* FavoriteCell.swift in Sources */ = {isa = PBXBuildFile; fileRef = 6DEDD07F2DB8D7FC0092E9A7 /* FavoriteCell.swift */; };
		6DEDD09D2DB8D7FC0092E9A7 /* ProductCell.swift in Sources */ = {isa = PBXBuildFile; fileRef = 6DEDD0802DB8D7FC0092E9A7 /* ProductCell.swift */; };
		6DEDD09E2DB8D7FC0092E9A7 /* CartViewController.swift in Sources */ = {isa = PBXBuildFile; fileRef = 6DEDD0822DB8D7FC0092E9A7 /* CartViewController.swift */; };
		6DEDD09F2DB8D7FC0092E9A7 /* CategoryProductsViewController.swift in Sources */ = {isa = PBXBuildFile; fileRef = 6DEDD0832DB8D7FC0092E9A7 /* CategoryProductsViewController.swift */; };
		6DEDD0A02DB8D7FC0092E9A7 /* CheckoutViewController.swift in Sources */ = {isa = PBXBuildFile; fileRef = 6DEDD0842DB8D7FC0092E9A7 /* CheckoutViewController.swift */; };
		6DEDD0A12DB8D7FC0092E9A7 /* ExploreViewController.swift in Sources */ = {isa = PBXBuildFile; fileRef = 6DEDD0852DB8D7FC0092E9A7 /* ExploreViewController.swift */; };
		6DEDD0A22DB8D7FC0092E9A7 /* FavoritesViewController.swift in Sources */ = {isa = PBXBuildFile; fileRef = 6DEDD0862DB8D7FC0092E9A7 /* FavoritesViewController.swift */; };
		6DEDD0A32DB8D7FC0092E9A7 /* HomeViewController.swift in Sources */ = {isa = PBXBuildFile; fileRef = 6DEDD0872DB8D7FC0092E9A7 /* HomeViewController.swift */; };
		6DEDD0A42DB8D7FC0092E9A7 /* OrderAcceptedViewController.swift in Sources */ = {isa = PBXBuildFile; fileRef = 6DEDD0882DB8D7FC0092E9A7 /* OrderAcceptedViewController.swift */; };
		6DEDD0A52DB8D7FC0092E9A7 /* ProductDetailView.swift in Sources */ = {isa = PBXBuildFile; fileRef = 6DEDD0892DB8D7FC0092E9A7 /* ProductDetailView.swift */; };
		6DEDD0A62DB8D7FC0092E9A7 /* AppDelegate.swift in Sources */ = {isa = PBXBuildFile; fileRef = 6DEDD08B2DB8D7FC0092E9A7 /* AppDelegate.swift */; };
		6DEDD0A72DB8D7FC0092E9A7 /* Data.swift in Sources */ = {isa = PBXBuildFile; fileRef = 6DEDD08D2DB8D7FC0092E9A7 /* Data.swift */; };
		6DEDD0A82DB8D7FC0092E9A7 /* SceneDelegate.swift in Sources */ = {isa = PBXBuildFile; fileRef = 6DEDD08F2DB8D7FC0092E9A7 /* SceneDelegate.swift */; };
		861641372D9C8B8E00B4AE38 /* Kingfisher in Frameworks */ = {isa = PBXBuildFile; productRef = 861641362D9C8B8E00B4AE38 /* Kingfisher */; };
/* End PBXBuildFile section */

/* Begin PBXFileReference section */
		6DEDD0712DB8D7FC0092E9A7 /* Color+Extension.swift */ = {isa = PBXFileReference; lastKnownFileType = sourcecode.swift; path = "Color+Extension.swift"; sourceTree = "<group>"; };
		6DEDD0722DB8D7FC0092E9A7 /* Images.swift */ = {isa = PBXFileReference; lastKnownFileType = sourcecode.swift; path = Images.swift; sourceTree = "<group>"; };
		6DEDD0732DB8D7FC0092E9A7 /* UIView+Extension.swift */ = {isa = PBXFileReference; lastKnownFileType = sourcecode.swift; path = "UIView+Extension.swift"; sourceTree = "<group>"; };
		6DEDD0752DB8D7FC0092E9A7 /* ProductModel.swift */ = {isa = PBXFileReference; lastKnownFileType = sourcecode.swift; path = ProductModel.swift; sourceTree = "<group>"; };
		6DEDD0772DB8D7FC0092E9A7 /* Base */ = {isa = PBXFileReference; lastKnownFileType = file.storyboard; name = Base; path = Base.lproj/LaunchScreen.storyboard; sourceTree = "<group>"; };
		6DEDD0792DB8D7FC0092E9A7 /* Base */ = {isa = PBXFileReference; lastKnownFileType = file.storyboard; name = Base; path = Base.lproj/Main.storyboard; sourceTree = "<group>"; };
		6DEDD07B2DB8D7FC0092E9A7 /* ProductCell.xib */ = {isa = PBXFileReference; lastKnownFileType = file.xib; path = ProductCell.xib; sourceTree = "<group>"; };
		6DEDD07D2DB8D7FC0092E9A7 /* CartCell.swift */ = {isa = PBXFileReference; lastKnownFileType = sourcecode.swift; path = CartCell.swift; sourceTree = "<group>"; };
		6DEDD07E2DB8D7FC0092E9A7 /* ExploreCell.swift */ = {isa = PBXFileReference; lastKnownFileType = sourcecode.swift; path = ExploreCell.swift; sourceTree = "<group>"; };
		6DEDD07F2DB8D7FC0092E9A7 /* FavoriteCell.swift */ = {isa = PBXFileReference; lastKnownFileType = sourcecode.swift; path = FavoriteCell.swift; sourceTree = "<group>"; };
		6DEDD0802DB8D7FC0092E9A7 /* ProductCell.swift */ = {isa = PBXFileReference; lastKnownFileType = sourcecode.swift; path = ProductCell.swift; sourceTree = "<group>"; };
		6DEDD0822DB8D7FC0092E9A7 /* CartViewController.swift */ = {isa = PBXFileReference; lastKnownFileType = sourcecode.swift; path = CartViewController.swift; sourceTree = "<group>"; };
		6DEDD0832DB8D7FC0092E9A7 /* CategoryProductsViewController.swift */ = {isa = PBXFileReference; lastKnownFileType = sourcecode.swift; path = CategoryProductsViewController.swift; sourceTree = "<group>"; };
		6DEDD0842DB8D7FC0092E9A7 /* CheckoutViewController.swift */ = {isa = PBXFileReference; lastKnownFileType = sourcecode.swift; path = CheckoutViewController.swift; sourceTree = "<group>"; };
		6DEDD0852DB8D7FC0092E9A7 /* ExploreViewController.swift */ = {isa = PBXFileReference; lastKnownFileType = sourcecode.swift; path = ExploreViewController.swift; sourceTree = "<group>"; };
		6DEDD0862DB8D7FC0092E9A7 /* FavoritesViewController.swift */ = {isa = PBXFileReference; lastKnownFileType = sourcecode.swift; path = FavoritesViewController.swift; sourceTree = "<group>"; };
		6DEDD0872DB8D7FC0092E9A7 /* HomeViewController.swift */ = {isa = PBXFileReference; lastKnownFileType = sourcecode.swift; path = HomeViewController.swift; sourceTree = "<group>"; };
		6DEDD0882DB8D7FC0092E9A7 /* OrderAcceptedViewController.swift */ = {isa = PBXFileReference; lastKnownFileType = sourcecode.swift; path = OrderAcceptedViewController.swift; sourceTree = "<group>"; };
		6DEDD0892DB8D7FC0092E9A7 /* ProductDetailView.swift */ = {isa = PBXFileReference; lastKnownFileType = sourcecode.swift; path = ProductDetailView.swift; sourceTree = "<group>"; };
		6DEDD08B2DB8D7FC0092E9A7 /* AppDelegate.swift */ = {isa = PBXFileReference; lastKnownFileType = sourcecode.swift; path = AppDelegate.swift; sourceTree = "<group>"; };
		6DEDD08C2DB8D7FC0092E9A7 /* Assets.xcassets */ = {isa = PBXFileReference; lastKnownFileType = folder.assetcatalog; path = Assets.xcassets; sourceTree = "<group>"; };
		6DEDD08D2DB8D7FC0092E9A7 /* Data.swift */ = {isa = PBXFileReference; lastKnownFileType = sourcecode.swift; path = Data.swift; sourceTree = "<group>"; };
		6DEDD08E2DB8D7FC0092E9A7 /* Info.plist */ = {isa = PBXFileReference; lastKnownFileType = text.plist.xml; path = Info.plist; sourceTree = "<group>"; };
		6DEDD08F2DB8D7FC0092E9A7 /* SceneDelegate.swift */ = {isa = PBXFileReference; lastKnownFileType = sourcecode.swift; path = SceneDelegate.swift; sourceTree = "<group>"; };
		86F4803E2D9BFEA900A5AE84 /* Nectar.app */ = {isa = PBXFileReference; explicitFileType = wrapper.application; includeInIndex = 0; path = Nectar.app; sourceTree = BUILT_PRODUCTS_DIR; };
/* End PBXFileReference section */

/* Begin PBXFrameworksBuildPhase section */
		86F4803B2D9BFEA900A5AE84 /* Frameworks */ = {
			isa = PBXFrameworksBuildPhase;
			buildActionMask = 2147483647;
			files = (
				861641372D9C8B8E00B4AE38 /* Kingfisher in Frameworks */,
			);
			runOnlyForDeploymentPostprocessing = 0;
		};
/* End PBXFrameworksBuildPhase section */

/* Begin PBXGroup section */
		6DEDD0742DB8D7FC0092E9A7 /* Helpers */ = {
			isa = PBXGroup;
			children = (
				6DEDD0712DB8D7FC0092E9A7 /* Color+Extension.swift */,
				6DEDD0722DB8D7FC0092E9A7 /* Images.swift */,
				6DEDD0732DB8D7FC0092E9A7 /* UIView+Extension.swift */,
			);
			path = Helpers;
			sourceTree = "<group>";
		};
		6DEDD0762DB8D7FC0092E9A7 /* Models */ = {
			isa = PBXGroup;
			children = (
				6DEDD0752DB8D7FC0092E9A7 /* ProductModel.swift */,
			);
			path = Models;
			sourceTree = "<group>";
		};
		6DEDD07C2DB8D7FC0092E9A7 /* Storyboard */ = {
			isa = PBXGroup;
			children = (
				6DEDD0782DB8D7FC0092E9A7 /* LaunchScreen.storyboard */,
				6DEDD07A2DB8D7FC0092E9A7 /* Main.storyboard */,
				6DEDD07B2DB8D7FC0092E9A7 /* ProductCell.xib */,
			);
			path = Storyboard;
			sourceTree = "<group>";
		};
		6DEDD0812DB8D7FC0092E9A7 /* Cell */ = {
			isa = PBXGroup;
			children = (
				6DEDD07D2DB8D7FC0092E9A7 /* CartCell.swift */,
				6DEDD07E2DB8D7FC0092E9A7 /* ExploreCell.swift */,
				6DEDD07F2DB8D7FC0092E9A7 /* FavoriteCell.swift */,
				6DEDD0802DB8D7FC0092E9A7 /* ProductCell.swift */,
			);
			path = Cell;
			sourceTree = "<group>";
		};
		6DEDD08A2DB8D7FC0092E9A7 /* Views */ = {
			isa = PBXGroup;
			children = (
				6DEDD0812DB8D7FC0092E9A7 /* Cell */,
				6DEDD0822DB8D7FC0092E9A7 /* CartViewController.swift */,
				6DEDD0832DB8D7FC0092E9A7 /* CategoryProductsViewController.swift */,
				6DEDD0842DB8D7FC0092E9A7 /* CheckoutViewController.swift */,
				6DEDD0852DB8D7FC0092E9A7 /* ExploreViewController.swift */,
				6DEDD0862DB8D7FC0092E9A7 /* FavoritesViewController.swift */,
				6DEDD0872DB8D7FC0092E9A7 /* HomeViewController.swift */,
				6DEDD0882DB8D7FC0092E9A7 /* OrderAcceptedViewController.swift */,
				6DEDD0892DB8D7FC0092E9A7 /* ProductDetailView.swift */,
			);
			path = Views;
			sourceTree = "<group>";
		};
		6DEDD0902DB8D7FC0092E9A7 /* Nectar */ = {
			isa = PBXGroup;
			children = (
				6DEDD0742DB8D7FC0092E9A7 /* Helpers */,
				6DEDD0762DB8D7FC0092E9A7 /* Models */,
				6DEDD07C2DB8D7FC0092E9A7 /* Storyboard */,
				6DEDD08A2DB8D7FC0092E9A7 /* Views */,
				6DEDD08B2DB8D7FC0092E9A7 /* AppDelegate.swift */,
				6DEDD08C2DB8D7FC0092E9A7 /* Assets.xcassets */,
				6DEDD08D2DB8D7FC0092E9A7 /* Data.swift */,
				6DEDD08E2DB8D7FC0092E9A7 /* Info.plist */,
				6DEDD08F2DB8D7FC0092E9A7 /* SceneDelegate.swift */,
			);
			path = Nectar;
			sourceTree = "<group>";
		};
		86F480352D9BFEA900A5AE84 = {
			isa = PBXGroup;
			children = (
				6DEDD0902DB8D7FC0092E9A7 /* Nectar */,
				86F4803F2D9BFEA900A5AE84 /* Products */,
			);
			sourceTree = "<group>";
		};
		86F4803F2D9BFEA900A5AE84 /* Products */ = {
			isa = PBXGroup;
			children = (
				86F4803E2D9BFEA900A5AE84 /* Nectar.app */,
			);
			name = Products;
			sourceTree = "<group>";
		};
/* End PBXGroup section */

/* Begin PBXNativeTarget section */
		86F4803D2D9BFEA900A5AE84 /* Nectar */ = {
			isa = PBXNativeTarget;
			buildConfigurationList = 86F480542D9BFEAA00A5AE84 /* Build configuration list for PBXNativeTarget "Nectar" */;
			buildPhases = (
				86F4803A2D9BFEA900A5AE84 /* Sources */,
				86F4803B2D9BFEA900A5AE84 /* Frameworks */,
				86F4803C2D9BFEA900A5AE84 /* Resources */,
			);
			buildRules = (
			);
			dependencies = (
			);
			name = Nectar;
			packageProductDependencies = (
				861641362D9C8B8E00B4AE38 /* Kingfisher */,
			);
			productName = Nectar;
			productReference = 86F4803E2D9BFEA900A5AE84 /* Nectar.app */;
			productType = "com.apple.product-type.application";
		};
/* End PBXNativeTarget section */

/* Begin PBXProject section */
		86F480362D9BFEA900A5AE84 /* Project object */ = {
			isa = PBXProject;
			attributes = {
				BuildIndependentTargetsInParallel = 1;
				LastSwiftUpdateCheck = 1630;
				LastUpgradeCheck = 1630;
				TargetAttributes = {
					86F4803D2D9BFEA900A5AE84 = {
						CreatedOnToolsVersion = 16.3;
					};
				};
			};
			buildConfigurationList = 86F480392D9BFEA900A5AE84 /* Build configuration list for PBXProject "Nectar" */;
			developmentRegion = en;
			hasScannedForEncodings = 0;
			knownRegions = (
				en,
				Base,
			);
			mainGroup = 86F480352D9BFEA900A5AE84;
			minimizedProjectReferenceProxies = 1;
			packageReferences = (
				861641352D9C8B8E00B4AE38 /* XCRemoteSwiftPackageReference "Kingfisher" */,
			);
			preferredProjectObjectVersion = 77;
			productRefGroup = 86F4803F2D9BFEA900A5AE84 /* Products */;
			projectDirPath = "";
			projectRoot = "";
			targets = (
				86F4803D2D9BFEA900A5AE84 /* Nectar */,
			);
		};
/* End PBXProject section */

/* Begin PBXResourcesBuildPhase section */
		86F4803C2D9BFEA900A5AE84 /* Resources */ = {
			isa = PBXResourcesBuildPhase;
			buildActionMask = 2147483647;
			files = (
				6DEDD0912DB8D7FC0092E9A7 /* LaunchScreen.storyboard in Resources */,
				6DEDD0922DB8D7FC0092E9A7 /* Main.storyboard in Resources */,
				6DEDD0932DB8D7FC0092E9A7 /* ProductCell.xib in Resources */,
				6DEDD0942DB8D7FC0092E9A7 /* Assets.xcassets in Resources */,
			);
			runOnlyForDeploymentPostprocessing = 0;
		};
/* End PBXResourcesBuildPhase section */

/* Begin PBXSourcesBuildPhase section */
		86F4803A2D9BFEA900A5AE84 /* Sources */ = {
			isa = PBXSourcesBuildPhase;
			buildActionMask = 2147483647;
			files = (
				6DEDD0962DB8D7FC0092E9A7 /* Color+Extension.swift in Sources */,
				6DEDD0972DB8D7FC0092E9A7 /* Images.swift in Sources */,
				6DEDD0982DB8D7FC0092E9A7 /* UIView+Extension.swift in Sources */,
				6DEDD0992DB8D7FC0092E9A7 /* ProductModel.swift in Sources */,
				6DEDD09A2DB8D7FC0092E9A7 /* CartCell.swift in Sources */,
				6DEDD09B2DB8D7FC0092E9A7 /* ExploreCell.swift in Sources */,
				6DEDD09C2DB8D7FC0092E9A7 /* FavoriteCell.swift in Sources */,
				6DEDD09D2DB8D7FC0092E9A7 /* ProductCell.swift in Sources */,
				6DEDD09E2DB8D7FC0092E9A7 /* CartViewController.swift in Sources */,
				6DEDD09F2DB8D7FC0092E9A7 /* CategoryProductsViewController.swift in Sources */,
				6DEDD0A02DB8D7FC0092E9A7 /* CheckoutViewController.swift in Sources */,
				6DEDD0A12DB8D7FC0092E9A7 /* ExploreViewController.swift in Sources */,
				6DEDD0A22DB8D7FC0092E9A7 /* FavoritesViewController.swift in Sources */,
				6DEDD0A32DB8D7FC0092E9A7 /* HomeViewController.swift in Sources */,
				6DEDD0A42DB8D7FC0092E9A7 /* OrderAcceptedViewController.swift in Sources */,
				6DEDD0A52DB8D7FC0092E9A7 /* ProductDetailView.swift in Sources */,
				6DEDD0A62DB8D7FC0092E9A7 /* AppDelegate.swift in Sources */,
				6DEDD0A72DB8D7FC0092E9A7 /* Data.swift in Sources */,
				6DEDD0A82DB8D7FC0092E9A7 /* SceneDelegate.swift in Sources */,
			);
			runOnlyForDeploymentPostprocessing = 0;
		};
/* End PBXSourcesBuildPhase section */

/* Begin PBXVariantGroup section */
		6DEDD0782DB8D7FC0092E9A7 /* LaunchScreen.storyboard */ = {
			isa = PBXVariantGroup;
			children = (
				6DEDD0772DB8D7FC0092E9A7 /* Base */,
			);
			name = LaunchScreen.storyboard;
			sourceTree = "<group>";
		};
		6DEDD07A2DB8D7FC0092E9A7 /* Main.storyboard */ = {
			isa = PBXVariantGroup;
			children = (
				6DEDD0792DB8D7FC0092E9A7 /* Base */,
			);
			name = Main.storyboard;
			sourceTree = "<group>";
		};
/* End PBXVariantGroup section */

/* Begin XCBuildConfiguration section */
		86F480552D9BFEAA00A5AE84 /* Debug */ = {
			isa = XCBuildConfiguration;
			buildSettings = {
				ASSETCATALOG_COMPILER_APPICON_NAME = AppIcon;
				ASSETCATALOG_COMPILER_GLOBAL_ACCENT_COLOR_NAME = AccentColor;
				CODE_SIGN_STYLE = Automatic;
				CURRENT_PROJECT_VERSION = 1;
				DEVELOPMENT_TEAM = 23K8R8NFCJ;
				GENERATE_INFOPLIST_FILE = YES;
				INFOPLIST_FILE = Nectar/Info.plist;
				INFOPLIST_KEY_UIApplicationSupportsIndirectInputEvents = YES;
				INFOPLIST_KEY_UILaunchStoryboardName = LaunchScreen;
				INFOPLIST_KEY_UIMainStoryboardFile = Main;
				INFOPLIST_KEY_UISupportedInterfaceOrientations_iPad = "UIInterfaceOrientationPortrait UIInterfaceOrientationPortraitUpsideDown UIInterfaceOrientationLandscapeLeft UIInterfaceOrientationLandscapeRight";
				INFOPLIST_KEY_UISupportedInterfaceOrientations_iPhone = "UIInterfaceOrientationPortrait UIInterfaceOrientationLandscapeLeft UIInterfaceOrientationLandscapeRight";
				IPHONEOS_DEPLOYMENT_TARGET = 18.0;
				LD_RUNPATH_SEARCH_PATHS = (
					"$(inherited)",
					"@executable_path/Frameworks",
				);
				MARKETING_VERSION = 1.0;
				PRODUCT_BUNDLE_IDENTIFIER = com.mayank.Nectar;
				PRODUCT_NAME = "$(TARGET_NAME)";
				SWIFT_EMIT_LOC_STRINGS = YES;
				SWIFT_VERSION = 5.0;
				TARGETED_DEVICE_FAMILY = "1,2";
			};
			name = Debug;
		};
		86F480562D9BFEAA00A5AE84 /* Release */ = {
			isa = XCBuildConfiguration;
			buildSettings = {
				ASSETCATALOG_COMPILER_APPICON_NAME = AppIcon;
				ASSETCATALOG_COMPILER_GLOBAL_ACCENT_COLOR_NAME = AccentColor;
				CODE_SIGN_STYLE = Automatic;
				CURRENT_PROJECT_VERSION = 1;
				DEVELOPMENT_TEAM = 23K8R8NFCJ;
				GENERATE_INFOPLIST_FILE = YES;
				INFOPLIST_FILE = Nectar/Info.plist;
				INFOPLIST_KEY_UIApplicationSupportsIndirectInputEvents = YES;
				INFOPLIST_KEY_UILaunchStoryboardName = LaunchScreen;
				INFOPLIST_KEY_UIMainStoryboardFile = Main;
				INFOPLIST_KEY_UISupportedInterfaceOrientations_iPad = "UIInterfaceOrientationPortrait UIInterfaceOrientationPortraitUpsideDown UIInterfaceOrientationLandscapeLeft UIInterfaceOrientationLandscapeRight";
				INFOPLIST_KEY_UISupportedInterfaceOrientations_iPhone = "UIInterfaceOrientationPortrait UIInterfaceOrientationLandscapeLeft UIInterfaceOrientationLandscapeRight";
				IPHONEOS_DEPLOYMENT_TARGET = 18.0;
				LD_RUNPATH_SEARCH_PATHS = (
					"$(inherited)",
					"@executable_path/Frameworks",
				);
				MARKETING_VERSION = 1.0;
				PRODUCT_BUNDLE_IDENTIFIER = com.mayank.Nectar;
				PRODUCT_NAME = "$(TARGET_NAME)";
				SWIFT_EMIT_LOC_STRINGS = YES;
				SWIFT_VERSION = 5.0;
				TARGETED_DEVICE_FAMILY = "1,2";
			};
			name = Release;
		};
		86F480572D9BFEAA00A5AE84 /* Debug */ = {
			isa = XCBuildConfiguration;
			buildSettings = {
				ALWAYS_SEARCH_USER_PATHS = NO;
				ASSETCATALOG_COMPILER_GENERATE_SWIFT_ASSET_SYMBOL_EXTENSIONS = YES;
				CLANG_ANALYZER_NONNULL = YES;
				CLANG_ANALYZER_NUMBER_OBJECT_CONVERSION = YES_AGGRESSIVE;
				CLANG_CXX_LANGUAGE_STANDARD = "gnu++20";
				CLANG_ENABLE_MODULES = YES;
				CLANG_ENABLE_OBJC_ARC = YES;
				CLANG_ENABLE_OBJC_WEAK = YES;
				CLANG_WARN_BLOCK_CAPTURE_AUTORELEASING = YES;
				CLANG_WARN_BOOL_CONVERSION = YES;
				CLANG_WARN_COMMA = YES;
				CLANG_WARN_CONSTANT_CONVERSION = YES;
				CLANG_WARN_DEPRECATED_OBJC_IMPLEMENTATIONS = YES;
				CLANG_WARN_DIRECT_OBJC_ISA_USAGE = YES_ERROR;
				CLANG_WARN_DOCUMENTATION_COMMENTS = YES;
				CLANG_WARN_EMPTY_BODY = YES;
				CLANG_WARN_ENUM_CONVERSION = YES;
				CLANG_WARN_INFINITE_RECURSION = YES;
				CLANG_WARN_INT_CONVERSION = YES;
				CLANG_WARN_NON_LITERAL_NULL_CONVERSION = YES;
				CLANG_WARN_OBJC_IMPLICIT_RETAIN_SELF = YES;
				CLANG_WARN_OBJC_LITERAL_CONVERSION = YES;
				CLANG_WARN_OBJC_ROOT_CLASS = YES_ERROR;
				CLANG_WARN_QUOTED_INCLUDE_IN_FRAMEWORK_HEADER = YES;
				CLANG_WARN_RANGE_LOOP_ANALYSIS = YES;
				CLANG_WARN_STRICT_PROTOTYPES = YES;
				CLANG_WARN_SUSPICIOUS_MOVE = YES;
				CLANG_WARN_UNGUARDED_AVAILABILITY = YES_AGGRESSIVE;
				CLANG_WARN_UNREACHABLE_CODE = YES;
				CLANG_WARN__DUPLICATE_METHOD_MATCH = YES;
				COPY_PHASE_STRIP = NO;
				DEBUG_INFORMATION_FORMAT = dwarf;
				DEVELOPMENT_TEAM = 23K8R8NFCJ;
				ENABLE_STRICT_OBJC_MSGSEND = YES;
				ENABLE_TESTABILITY = YES;
				ENABLE_USER_SCRIPT_SANDBOXING = YES;
				GCC_C_LANGUAGE_STANDARD = gnu17;
				GCC_DYNAMIC_NO_PIC = NO;
				GCC_NO_COMMON_BLOCKS = YES;
				GCC_OPTIMIZATION_LEVEL = 0;
				GCC_PREPROCESSOR_DEFINITIONS = (
					"DEBUG=1",
					"$(inherited)",
				);
				GCC_WARN_64_TO_32_BIT_CONVERSION = YES;
				GCC_WARN_ABOUT_RETURN_TYPE = YES_ERROR;
				GCC_WARN_UNDECLARED_SELECTOR = YES;
				GCC_WARN_UNINITIALIZED_AUTOS = YES_AGGRESSIVE;
				GCC_WARN_UNUSED_FUNCTION = YES;
				GCC_WARN_UNUSED_VARIABLE = YES;
				IPHONEOS_DEPLOYMENT_TARGET = 18.4;
				LOCALIZATION_PREFERS_STRING_CATALOGS = YES;
				MTL_ENABLE_DEBUG_INFO = INCLUDE_SOURCE;
				MTL_FAST_MATH = YES;
				ONLY_ACTIVE_ARCH = YES;
				SDKROOT = iphoneos;
				SWIFT_ACTIVE_COMPILATION_CONDITIONS = "DEBUG $(inherited)";
				SWIFT_OPTIMIZATION_LEVEL = "-Onone";
			};
			name = Debug;
		};
		86F480582D9BFEAA00A5AE84 /* Release */ = {
			isa = XCBuildConfiguration;
			buildSettings = {
				ALWAYS_SEARCH_USER_PATHS = NO;
				ASSETCATALOG_COMPILER_GENERATE_SWIFT_ASSET_SYMBOL_EXTENSIONS = YES;
				CLANG_ANALYZER_NONNULL = YES;
				CLANG_ANALYZER_NUMBER_OBJECT_CONVERSION = YES_AGGRESSIVE;
				CLANG_CXX_LANGUAGE_STANDARD = "gnu++20";
				CLANG_ENABLE_MODULES = YES;
				CLANG_ENABLE_OBJC_ARC = YES;
				CLANG_ENABLE_OBJC_WEAK = YES;
				CLANG_WARN_BLOCK_CAPTURE_AUTORELEASING = YES;
				CLANG_WARN_BOOL_CONVERSION = YES;
				CLANG_WARN_COMMA = YES;
				CLANG_WARN_CONSTANT_CONVERSION = YES;
				CLANG_WARN_DEPRECATED_OBJC_IMPLEMENTATIONS = YES;
				CLANG_WARN_DIRECT_OBJC_ISA_USAGE = YES_ERROR;
				CLANG_WARN_DOCUMENTATION_COMMENTS = YES;
				CLANG_WARN_EMPTY_BODY = YES;
				CLANG_WARN_ENUM_CONVERSION = YES;
				CLANG_WARN_INFINITE_RECURSION = YES;
				CLANG_WARN_INT_CONVERSION = YES;
				CLANG_WARN_NON_LITERAL_NULL_CONVERSION = YES;
				CLANG_WARN_OBJC_IMPLICIT_RETAIN_SELF = YES;
				CLANG_WARN_OBJC_LITERAL_CONVERSION = YES;
				CLANG_WARN_OBJC_ROOT_CLASS = YES_ERROR;
				CLANG_WARN_QUOTED_INCLUDE_IN_FRAMEWORK_HEADER = YES;
				CLANG_WARN_RANGE_LOOP_ANALYSIS = YES;
				CLANG_WARN_STRICT_PROTOTYPES = YES;
				CLANG_WARN_SUSPICIOUS_MOVE = YES;
				CLANG_WARN_UNGUARDED_AVAILABILITY = YES_AGGRESSIVE;
				CLANG_WARN_UNREACHABLE_CODE = YES;
				CLANG_WARN__DUPLICATE_METHOD_MATCH = YES;
				COPY_PHASE_STRIP = NO;
				DEBUG_INFORMATION_FORMAT = "dwarf-with-dsym";
				DEVELOPMENT_TEAM = 23K8R8NFCJ;
				ENABLE_NS_ASSERTIONS = NO;
				ENABLE_STRICT_OBJC_MSGSEND = YES;
				ENABLE_USER_SCRIPT_SANDBOXING = YES;
				GCC_C_LANGUAGE_STANDARD = gnu17;
				GCC_NO_COMMON_BLOCKS = YES;
				GCC_WARN_64_TO_32_BIT_CONVERSION = YES;
				GCC_WARN_ABOUT_RETURN_TYPE = YES_ERROR;
				GCC_WARN_UNDECLARED_SELECTOR = YES;
				GCC_WARN_UNINITIALIZED_AUTOS = YES_AGGRESSIVE;
				GCC_WARN_UNUSED_FUNCTION = YES;
				GCC_WARN_UNUSED_VARIABLE = YES;
				IPHONEOS_DEPLOYMENT_TARGET = 18.4;
				LOCALIZATION_PREFERS_STRING_CATALOGS = YES;
				MTL_ENABLE_DEBUG_INFO = NO;
				MTL_FAST_MATH = YES;
				SDKROOT = iphoneos;
				SWIFT_COMPILATION_MODE = wholemodule;
				VALIDATE_PRODUCT = YES;
			};
			name = Release;
		};
/* End XCBuildConfiguration section */

/* Begin XCConfigurationList section */
		86F480392D9BFEA900A5AE84 /* Build configuration list for PBXProject "Nectar" */ = {
			isa = XCConfigurationList;
			buildConfigurations = (
				86F480572D9BFEAA00A5AE84 /* Debug */,
				86F480582D9BFEAA00A5AE84 /* Release */,
			);
			defaultConfigurationIsVisible = 0;
			defaultConfigurationName = Release;
		};
		86F480542D9BFEAA00A5AE84 /* Build configuration list for PBXNativeTarget "Nectar" */ = {
			isa = XCConfigurationList;
			buildConfigurations = (
				86F480552D9BFEAA00A5AE84 /* Debug */,
				86F480562D9BFEAA00A5AE84 /* Release */,
			);
			defaultConfigurationIsVisible = 0;
			defaultConfigurationName = Release;
		};
/* End XCConfigurationList section */

/* Begin XCRemoteSwiftPackageReference section */
		861641352D9C8B8E00B4AE38 /* XCRemoteSwiftPackageReference "Kingfisher" */ = {
			isa = XCRemoteSwiftPackageReference;
			repositoryURL = "https://github.com/onevcat/Kingfisher";
			requirement = {
				kind = upToNextMajorVersion;
				minimumVersion = 8.3.1;
			};
		};
/* End XCRemoteSwiftPackageReference section */

/* Begin XCSwiftPackageProductDependency section */
		861641362D9C8B8E00B4AE38 /* Kingfisher */ = {
			isa = XCSwiftPackageProductDependency;
			package = 861641352D9C8B8E00B4AE38 /* XCRemoteSwiftPackageReference "Kingfisher" */;
			productName = Kingfisher;
		};
/* End XCSwiftPackageProductDependency section */
	};
	rootObject = 86F480362D9BFEA900A5AE84 /* Project object */;
}
